// !$*UTF8*$!
{
	archiveVersion = 1;
	classes = {
	};
	objectVersion = 77;
	objects = {

/* Begin PBXBuildFile section */
		625893392CDD7B4200A41043 /* VehicleLookup in Frameworks */ = {isa = PBXBuildFile; productRef = 625893382CDD7B4200A41043 /* VehicleLookup */; };
		62C643032CE1484B007A8C55 /* ValidatedInputComponent in Frameworks */ = {isa = PBXBuildFile; productRef = 62C643022CE1484B007A8C55 /* ValidatedInputComponent */; };
		62C643062CE1485C007A8C55 /* ValidatedInputComponent in Frameworks */ = {isa = PBXBuildFile; productRef = 62C643052CE1485C007A8C55 /* ValidatedInputComponent */; };
/* End PBXBuildFile section */

/* Begin PBXContainerItemProxy section */
		625895D52CDE63CB00A41043 /* PBXContainerItemProxy */ = {
			isa = PBXContainerItemProxy;
			containerPortal = 62D4708C2CDB914F00D933C5 /* Project object */;
			proxyType = 1;
			remoteGlobalIDString = 62D470932CDB914F00D933C5;
			remoteInfo = VINLookup;
		};
/* End PBXContainerItemProxy section */

/* Begin PBXFileReference section */
		625893362CDD798900A41043 /* VehicleLookup */ = {isa = PBXFileReference; lastKnownFileType = wrapper; path = VehicleLookup; sourceTree = "<group>"; };
		625895D12CDE63CB00A41043 /* VINLookupTests.xctest */ = {isa = PBXFileReference; explicitFileType = wrapper.cfbundle; includeInIndex = 0; path = VINLookupTests.xctest; sourceTree = BUILT_PRODUCTS_DIR; };
		62C643002CE14803007A8C55 /* ValidatedInputComponent */ = {isa = PBXFileReference; lastKnownFileType = wrapper; path = ValidatedInputComponent; sourceTree = "<group>"; };
		62D470942CDB914F00D933C5 /* VINLookup.app */ = {isa = PBXFileReference; explicitFileType = wrapper.application; includeInIndex = 0; path = VINLookup.app; sourceTree = BUILT_PRODUCTS_DIR; };
/* End PBXFileReference section */

/* Begin PBXFileSystemSynchronizedRootGroup section */
		620E77352CE139EC00353481 /* Challenge+Readme */ = {
			isa = PBXFileSystemSynchronizedRootGroup;
			path = "Challenge+Readme";
			sourceTree = "<group>";
		};
		625895D22CDE63CB00A41043 /* VINLookupTests */ = {
			isa = PBXFileSystemSynchronizedRootGroup;
			path = VINLookupTests;
			sourceTree = "<group>";
		};
		62D470962CDB914F00D933C5 /* VINLookup */ = {
			isa = PBXFileSystemSynchronizedRootGroup;
			path = VINLookup;
			sourceTree = "<group>";
		};
/* End PBXFileSystemSynchronizedRootGroup section */

/* Begin PBXFrameworksBuildPhase section */
		625895CE2CDE63CB00A41043 /* Frameworks */ = {
			isa = PBXFrameworksBuildPhase;
			buildActionMask = 2147483647;
			files = (
			);
			runOnlyForDeploymentPostprocessing = 0;
		};
		62D470912CDB914F00D933C5 /* Frameworks */ = {
			isa = PBXFrameworksBuildPhase;
			buildActionMask = 2147483647;
			files = (
				62C643032CE1484B007A8C55 /* ValidatedInputComponent in Frameworks */,
				625893392CDD7B4200A41043 /* VehicleLookup in Frameworks */,
				62C643062CE1485C007A8C55 /* ValidatedInputComponent in Frameworks */,
			);
			runOnlyForDeploymentPostprocessing = 0;
		};
/* End PBXFrameworksBuildPhase section */

/* Begin PBXGroup section */
		62C643012CE1484B007A8C55 /* Frameworks */ = {
			isa = PBXGroup;
			children = (
			);
			name = Frameworks;
			sourceTree = "<group>";
		};
		62D4708B2CDB914F00D933C5 = {
			isa = PBXGroup;
			children = (
				62C643002CE14803007A8C55 /* ValidatedInputComponent */,
				625893362CDD798900A41043 /* VehicleLookup */,
				620E77352CE139EC00353481 /* Challenge+Readme */,
				62D470962CDB914F00D933C5 /* VINLookup */,
				625895D22CDE63CB00A41043 /* VINLookupTests */,
				62C643012CE1484B007A8C55 /* Frameworks */,
				62D470952CDB914F00D933C5 /* Products */,
			);
			sourceTree = "<group>";
		};
		62D470952CDB914F00D933C5 /* Products */ = {
			isa = PBXGroup;
			children = (
				62D470942CDB914F00D933C5 /* VINLookup.app */,
				625895D12CDE63CB00A41043 /* VINLookupTests.xctest */,
			);
			name = Products;
			sourceTree = "<group>";
		};
/* End PBXGroup section */

/* Begin PBXNativeTarget section */
		625895D02CDE63CB00A41043 /* VINLookupTests */ = {
			isa = PBXNativeTarget;
			buildConfigurationList = 625895D92CDE63CB00A41043 /* Build configuration list for PBXNativeTarget "VINLookupTests" */;
			buildPhases = (
				625895CD2CDE63CB00A41043 /* Sources */,
				625895CE2CDE63CB00A41043 /* Frameworks */,
				625895CF2CDE63CB00A41043 /* Resources */,
			);
			buildRules = (
			);
			dependencies = (
				625895D62CDE63CB00A41043 /* PBXTargetDependency */,
			);
			fileSystemSynchronizedGroups = (
				625895D22CDE63CB00A41043 /* VINLookupTests */,
			);
			name = VINLookupTests;
			packageProductDependencies = (
			);
			productName = VINLookupTests;
			productReference = 625895D12CDE63CB00A41043 /* VINLookupTests.xctest */;
			productType = "com.apple.product-type.bundle.unit-test";
		};
		62D470932CDB914F00D933C5 /* VINLookup */ = {
			isa = PBXNativeTarget;
			buildConfigurationList = 62D470A22CDB915100D933C5 /* Build configuration list for PBXNativeTarget "VINLookup" */;
			buildPhases = (
				62D470902CDB914F00D933C5 /* Sources */,
				62D470912CDB914F00D933C5 /* Frameworks */,
				62D470922CDB914F00D933C5 /* Resources */,
			);
			buildRules = (
			);
			dependencies = (
			);
			fileSystemSynchronizedGroups = (
				620E77352CE139EC00353481 /* Challenge+Readme */,
				62D470962CDB914F00D933C5 /* VINLookup */,
			);
			name = VINLookup;
			packageProductDependencies = (
				625893382CDD7B4200A41043 /* VehicleLookup */,
				62C643022CE1484B007A8C55 /* ValidatedInputComponent */,
				62C643052CE1485C007A8C55 /* ValidatedInputComponent */,
			);
			productName = VINLookup;
			productReference = 62D470942CDB914F00D933C5 /* VINLookup.app */;
			productType = "com.apple.product-type.application";
		};
/* End PBXNativeTarget section */

/* Begin PBXProject section */
		62D4708C2CDB914F00D933C5 /* Project object */ = {
			isa = PBXProject;
			attributes = {
				BuildIndependentTargetsInParallel = 1;
				LastSwiftUpdateCheck = 1600;
				LastUpgradeCheck = 1600;
				TargetAttributes = {
					625895D02CDE63CB00A41043 = {
						CreatedOnToolsVersion = 16.0;
						TestTargetID = 62D470932CDB914F00D933C5;
					};
					62D470932CDB914F00D933C5 = {
						CreatedOnToolsVersion = 16.0;
					};
				};
			};
			buildConfigurationList = 62D4708F2CDB914F00D933C5 /* Build configuration list for PBXProject "VINLookupAPP" */;
			developmentRegion = en;
			hasScannedForEncodings = 0;
			knownRegions = (
				en,
				Base,
			);
			mainGroup = 62D4708B2CDB914F00D933C5;
			minimizedProjectReferenceProxies = 1;
			packageReferences = (
				625893372CDD7B4200A41043 /* XCLocalSwiftPackageReference "VehicleLookup" */,
				62C643042CE1485C007A8C55 /* XCLocalSwiftPackageReference "ValidatedInputComponent" */,
			);
			preferredProjectObjectVersion = 77;
			productRefGroup = 62D470952CDB914F00D933C5 /* Products */;
			projectDirPath = "";
			projectRoot = "";
			targets = (
				62D470932CDB914F00D933C5 /* VINLookup */,
				625895D02CDE63CB00A41043 /* VINLookupTests */,
			);
		};
/* End PBXProject section */

/* Begin PBXResourcesBuildPhase section */
		625895CF2CDE63CB00A41043 /* Resources */ = {
			isa = PBXResourcesBuildPhase;
			buildActionMask = 2147483647;
			files = (
			);
			runOnlyForDeploymentPostprocessing = 0;
		};
		62D470922CDB914F00D933C5 /* Resources */ = {
			isa = PBXResourcesBuildPhase;
			buildActionMask = 2147483647;
			files = (
			);
			runOnlyForDeploymentPostprocessing = 0;
		};
/* End PBXResourcesBuildPhase section */

/* Begin PBXSourcesBuildPhase section */
		625895CD2CDE63CB00A41043 /* Sources */ = {
			isa = PBXSourcesBuildPhase;
			buildActionMask = 2147483647;
			files = (
			);
			runOnlyForDeploymentPostprocessing = 0;
		};
		62D470902CDB914F00D933C5 /* Sources */ = {
			isa = PBXSourcesBuildPhase;
			buildActionMask = 2147483647;
			files = (
			);
			runOnlyForDeploymentPostprocessing = 0;
		};
/* End PBXSourcesBuildPhase section */

/* Begin PBXTargetDependency section */
		625895D62CDE63CB00A41043 /* PBXTargetDependency */ = {
			isa = PBXTargetDependency;
			target = 62D470932CDB914F00D933C5 /* VINLookup */;
			targetProxy = 625895D52CDE63CB00A41043 /* PBXContainerItemProxy */;
		};
/* End PBXTargetDependency section */

/* Begin XCBuildConfiguration section */
		625895D72CDE63CB00A41043 /* Debug */ = {
			isa = XCBuildConfiguration;
			buildSettings = {
				BUNDLE_LOADER = "$(TEST_HOST)";
				CODE_SIGN_STYLE = Automatic;
				CURRENT_PROJECT_VERSION = 1;
				DEVELOPMENT_TEAM = J32NE6EA4M;
				GENERATE_INFOPLIST_FILE = YES;
				MARKETING_VERSION = 1.0;
				PRODUCT_BUNDLE_IDENTIFIER = com.sstryjewski.VINLookupTests;
				PRODUCT_NAME = "$(TARGET_NAME)";
				SWIFT_EMIT_LOC_STRINGS = NO;
				SWIFT_VERSION = 5.0;
				TARGETED_DEVICE_FAMILY = "1,2";
				TEST_HOST = "$(BUILT_PRODUCTS_DIR)/VINLookup.app/$(BUNDLE_EXECUTABLE_FOLDER_PATH)/VINLookup";
			};
			name = Debug;
		};
		625895D82CDE63CB00A41043 /* Release */ = {
			isa = XCBuildConfiguration;
			buildSettings = {
				BUNDLE_LOADER = "$(TEST_HOST)";
				CODE_SIGN_STYLE = Automatic;
				CURRENT_PROJECT_VERSION = 1;
				DEVELOPMENT_TEAM = J32NE6EA4M;
				GENERATE_INFOPLIST_FILE = YES;
				MARKETING_VERSION = 1.0;
				PRODUCT_BUNDLE_IDENTIFIER = com.sstryjewski.VINLookupTests;
				PRODUCT_NAME = "$(TARGET_NAME)";
				SWIFT_EMIT_LOC_STRINGS = NO;
				SWIFT_VERSION = 5.0;
				TARGETED_DEVICE_FAMILY = "1,2";
				TEST_HOST = "$(BUILT_PRODUCTS_DIR)/VINLookup.app/$(BUNDLE_EXECUTABLE_FOLDER_PATH)/VINLookup";
			};
			name = Release;
		};
		62D470A02CDB915100D933C5 /* Debug */ = {
			isa = XCBuildConfiguration;
			buildSettings = {
				ALWAYS_SEARCH_USER_PATHS = NO;
				ASSETCATALOG_COMPILER_GENERATE_SWIFT_ASSET_SYMBOL_EXTENSIONS = YES;
				CLANG_ANALYZER_NONNULL = YES;
				CLANG_ANALYZER_NUMBER_OBJECT_CONVERSION = YES_AGGRESSIVE;
				CLANG_CXX_LANGUAGE_STANDARD = "gnu++20";
				CLANG_ENABLE_MODULES = YES;
				CLANG_ENABLE_OBJC_ARC = YES;
				CLANG_ENABLE_OBJC_WEAK = YES;
				CLANG_WARN_BLOCK_CAPTURE_AUTORELEASING = YES;
				CLANG_WARN_BOOL_CONVERSION = YES;
				CLANG_WARN_COMMA = YES;
				CLANG_WARN_CONSTANT_CONVERSION = YES;
				CLANG_WARN_DEPRECATED_OBJC_IMPLEMENTATIONS = YES;
				CLANG_WARN_DIRECT_OBJC_ISA_USAGE = YES_ERROR;
				CLANG_WARN_DOCUMENTATION_COMMENTS = YES;
				CLANG_WARN_EMPTY_BODY = YES;
				CLANG_WARN_ENUM_CONVERSION = YES;
				CLANG_WARN_INFINITE_RECURSION = YES;
				CLANG_WARN_INT_CONVERSION = YES;
				CLANG_WARN_NON_LITERAL_NULL_CONVERSION = YES;
				CLANG_WARN_OBJC_IMPLICIT_RETAIN_SELF = YES;
				CLANG_WARN_OBJC_LITERAL_CONVERSION = YES;
				CLANG_WARN_OBJC_ROOT_CLASS = YES_ERROR;
				CLANG_WARN_QUOTED_INCLUDE_IN_FRAMEWORK_HEADER = YES;
				CLANG_WARN_RANGE_LOOP_ANALYSIS = YES;
				CLANG_WARN_STRICT_PROTOTYPES = YES;
				CLANG_WARN_SUSPICIOUS_MOVE = YES;
				CLANG_WARN_UNGUARDED_AVAILABILITY = YES_AGGRESSIVE;
				CLANG_WARN_UNREACHABLE_CODE = YES;
				CLANG_WARN__DUPLICATE_METHOD_MATCH = YES;
				COPY_PHASE_STRIP = NO;
				DEBUG_INFORMATION_FORMAT = dwarf;
				ENABLE_STRICT_OBJC_MSGSEND = YES;
				ENABLE_TESTABILITY = YES;
				ENABLE_USER_SCRIPT_SANDBOXING = YES;
				GCC_C_LANGUAGE_STANDARD = gnu17;
				GCC_DYNAMIC_NO_PIC = NO;
				GCC_NO_COMMON_BLOCKS = YES;
				GCC_OPTIMIZATION_LEVEL = 0;
				GCC_PREPROCESSOR_DEFINITIONS = (
					"DEBUG=1",
					"$(inherited)",
				);
				GCC_WARN_64_TO_32_BIT_CONVERSION = YES;
				GCC_WARN_ABOUT_RETURN_TYPE = YES_ERROR;
				GCC_WARN_UNDECLARED_SELECTOR = YES;
				GCC_WARN_UNINITIALIZED_AUTOS = YES_AGGRESSIVE;
				GCC_WARN_UNUSED_FUNCTION = YES;
				GCC_WARN_UNUSED_VARIABLE = YES;
				IPHONEOS_DEPLOYMENT_TARGET = 18.0;
				LOCALIZATION_PREFERS_STRING_CATALOGS = YES;
				MTL_ENABLE_DEBUG_INFO = INCLUDE_SOURCE;
				MTL_FAST_MATH = YES;
				ONLY_ACTIVE_ARCH = YES;
				SDKROOT = iphoneos;
				SWIFT_ACTIVE_COMPILATION_CONDITIONS = "DEBUG $(inherited)";
				SWIFT_OPTIMIZATION_LEVEL = "-Onone";
			};
			name = Debug;
		};
		62D470A12CDB915100D933C5 /* Release */ = {
			isa = XCBuildConfiguration;
			buildSettings = {
				ALWAYS_SEARCH_USER_PATHS = NO;
				ASSETCATALOG_COMPILER_GENERATE_SWIFT_ASSET_SYMBOL_EXTENSIONS = YES;
				CLANG_ANALYZER_NONNULL = YES;
				CLANG_ANALYZER_NUMBER_OBJECT_CONVERSION = YES_AGGRESSIVE;
				CLANG_CXX_LANGUAGE_STANDARD = "gnu++20";
				CLANG_ENABLE_MODULES = YES;
				CLANG_ENABLE_OBJC_ARC = YES;
				CLANG_ENABLE_OBJC_WEAK = YES;
				CLANG_WARN_BLOCK_CAPTURE_AUTORELEASING = YES;
				CLANG_WARN_BOOL_CONVERSION = YES;
				CLANG_WARN_COMMA = YES;
				CLANG_WARN_CONSTANT_CONVERSION = YES;
				CLANG_WARN_DEPRECATED_OBJC_IMPLEMENTATIONS = YES;
				CLANG_WARN_DIRECT_OBJC_ISA_USAGE = YES_ERROR;
				CLANG_WARN_DOCUMENTATION_COMMENTS = YES;
				CLANG_WARN_EMPTY_BODY = YES;
				CLANG_WARN_ENUM_CONVERSION = YES;
				CLANG_WARN_INFINITE_RECURSION = YES;
				CLANG_WARN_INT_CONVERSION = YES;
				CLANG_WARN_NON_LITERAL_NULL_CONVERSION = YES;
				CLANG_WARN_OBJC_IMPLICIT_RETAIN_SELF = YES;
				CLANG_WARN_OBJC_LITERAL_CONVERSION = YES;
				CLANG_WARN_OBJC_ROOT_CLASS = YES_ERROR;
				CLANG_WARN_QUOTED_INCLUDE_IN_FRAMEWORK_HEADER = YES;
				CLANG_WARN_RANGE_LOOP_ANALYSIS = YES;
				CLANG_WARN_STRICT_PROTOTYPES = YES;
				CLANG_WARN_SUSPICIOUS_MOVE = YES;
				CLANG_WARN_UNGUARDED_AVAILABILITY = YES_AGGRESSIVE;
				CLANG_WARN_UNREACHABLE_CODE = YES;
				CLANG_WARN__DUPLICATE_METHOD_MATCH = YES;
				COPY_PHASE_STRIP = NO;
				DEBUG_INFORMATION_FORMAT = "dwarf-with-dsym";
				ENABLE_NS_ASSERTIONS = NO;
				ENABLE_STRICT_OBJC_MSGSEND = YES;
				ENABLE_USER_SCRIPT_SANDBOXING = YES;
				GCC_C_LANGUAGE_STANDARD = gnu17;
				GCC_NO_COMMON_BLOCKS = YES;
				GCC_WARN_64_TO_32_BIT_CONVERSION = YES;
				GCC_WARN_ABOUT_RETURN_TYPE = YES_ERROR;
				GCC_WARN_UNDECLARED_SELECTOR = YES;
				GCC_WARN_UNINITIALIZED_AUTOS = YES_AGGRESSIVE;
				GCC_WARN_UNUSED_FUNCTION = YES;
				GCC_WARN_UNUSED_VARIABLE = YES;
				IPHONEOS_DEPLOYMENT_TARGET = 18.0;
				LOCALIZATION_PREFERS_STRING_CATALOGS = YES;
				MTL_ENABLE_DEBUG_INFO = NO;
				MTL_FAST_MATH = YES;
				SDKROOT = iphoneos;
				SWIFT_COMPILATION_MODE = wholemodule;
				VALIDATE_PRODUCT = YES;
			};
			name = Release;
		};
		62D470A32CDB915100D933C5 /* Debug */ = {
			isa = XCBuildConfiguration;
			buildSettings = {
				ASSETCATALOG_COMPILER_APPICON_NAME = AppIcon;
				ASSETCATALOG_COMPILER_GLOBAL_ACCENT_COLOR_NAME = AccentColor;
				CODE_SIGN_STYLE = Automatic;
				CURRENT_PROJECT_VERSION = 1;
				DEVELOPMENT_ASSET_PATHS = "\"VINLookup/Preview Content\"";
				DEVELOPMENT_TEAM = J32NE6EA4M;
				ENABLE_PREVIEWS = YES;
				GENERATE_INFOPLIST_FILE = YES;
				INFOPLIST_KEY_CFBundleDisplayName = VINLookupApp;
				INFOPLIST_KEY_UIApplicationSceneManifest_Generation = YES;
				INFOPLIST_KEY_UIApplicationSupportsIndirectInputEvents = YES;
				INFOPLIST_KEY_UILaunchScreen_Generation = YES;
				INFOPLIST_KEY_UISupportedInterfaceOrientations = UIInterfaceOrientationPortrait;
				LD_RUNPATH_SEARCH_PATHS = (
					"$(inherited)",
					"@executable_path/Frameworks",
				);
				MARKETING_VERSION = 1.0;
				PRODUCT_BUNDLE_IDENTIFIER = com.sstryjewski.VINLookup;
				PRODUCT_NAME = "$(TARGET_NAME)";
				SWIFT_EMIT_LOC_STRINGS = YES;
				SWIFT_VERSION = 5.0;
				TARGETED_DEVICE_FAMILY = "1,2";
			};
			name = Debug;
		};
		62D470A42CDB915100D933C5 /* Release */ = {
			isa = XCBuildConfiguration;
			buildSettings = {
				ASSETCATALOG_COMPILER_APPICON_NAME = AppIcon;
				ASSETCATALOG_COMPILER_GLOBAL_ACCENT_COLOR_NAME = AccentColor;
				CODE_SIGN_STYLE = Automatic;
				CURRENT_PROJECT_VERSION = 1;
				DEVELOPMENT_ASSET_PATHS = "\"VINLookup/Preview Content\"";
				DEVELOPMENT_TEAM = J32NE6EA4M;
				ENABLE_PREVIEWS = YES;
				GENERATE_INFOPLIST_FILE = YES;
				INFOPLIST_KEY_CFBundleDisplayName = VINLookupApp;
				INFOPLIST_KEY_UIApplicationSceneManifest_Generation = YES;
				INFOPLIST_KEY_UIApplicationSupportsIndirectInputEvents = YES;
				INFOPLIST_KEY_UILaunchScreen_Generation = YES;
				INFOPLIST_KEY_UISupportedInterfaceOrientations = UIInterfaceOrientationPortrait;
				LD_RUNPATH_SEARCH_PATHS = (
					"$(inherited)",
					"@executable_path/Frameworks",
				);
				MARKETING_VERSION = 1.0;
				PRODUCT_BUNDLE_IDENTIFIER = com.sstryjewski.VINLookup;
				PRODUCT_NAME = "$(TARGET_NAME)";
				SWIFT_EMIT_LOC_STRINGS = YES;
				SWIFT_VERSION = 5.0;
				TARGETED_DEVICE_FAMILY = "1,2";
			};
			name = Release;
		};
/* End XCBuildConfiguration section */

/* Begin XCConfigurationList section */
		625895D92CDE63CB00A41043 /* Build configuration list for PBXNativeTarget "VINLookupTests" */ = {
			isa = XCConfigurationList;
			buildConfigurations = (
				625895D72CDE63CB00A41043 /* Debug */,
				625895D82CDE63CB00A41043 /* Release */,
			);
			defaultConfigurationIsVisible = 0;
			defaultConfigurationName = Release;
		};
		62D4708F2CDB914F00D933C5 /* Build configuration list for PBXProject "VINLookupAPP" */ = {
			isa = XCConfigurationList;
			buildConfigurations = (
				62D470A02CDB915100D933C5 /* Debug */,
				62D470A12CDB915100D933C5 /* Release */,
			);
			defaultConfigurationIsVisible = 0;
			defaultConfigurationName = Release;
		};
		62D470A22CDB915100D933C5 /* Build configuration list for PBXNativeTarget "VINLookup" */ = {
			isa = XCConfigurationList;
			buildConfigurations = (
				62D470A32CDB915100D933C5 /* Debug */,
				62D470A42CDB915100D933C5 /* Release */,
			);
			defaultConfigurationIsVisible = 0;
			defaultConfigurationName = Release;
		};
/* End XCConfigurationList section */

/* Begin XCLocalSwiftPackageReference section */
		625893372CDD7B4200A41043 /* XCLocalSwiftPackageReference "VehicleLookup" */ = {
			isa = XCLocalSwiftPackageReference;
			relativePath = VehicleLookup;
		};
		62C643042CE1485C007A8C55 /* XCLocalSwiftPackageReference "ValidatedInputComponent" */ = {
			isa = XCLocalSwiftPackageReference;
			relativePath = ValidatedInputComponent;
		};
/* End XCLocalSwiftPackageReference section */

/* Begin XCSwiftPackageProductDependency section */
		625893382CDD7B4200A41043 /* VehicleLookup */ = {
			isa = XCSwiftPackageProductDependency;
			productName = VehicleLookup;
		};
		62C643022CE1484B007A8C55 /* ValidatedInputComponent */ = {
			isa = XCSwiftPackageProductDependency;
			productName = ValidatedInputComponent;
		};
		62C643052CE1485C007A8C55 /* ValidatedInputComponent */ = {
			isa = XCSwiftPackageProductDependency;
			productName = ValidatedInputComponent;
		};
/* End XCSwiftPackageProductDependency section */
	};
	rootObject = 62D4708C2CDB914F00D933C5 /* Project object */;
}
